
Microsoft Visual Studio Solution File, Format Version 12.00
# Visual Studio 2013
VisualStudioVersion = 12.0.31101.0
MinimumVisualStudioVersion = 10.0.40219.1
Project("{FAE04EC0-301F-11D3-BF4B-00C04F79EFBC}") = "ClientApp", "ClientApp\ClientApp.csproj", "{71B83FA9-55A6-48CF-AF6A-270A11D71D6E}"
EndProject
Project("{FAE04EC0-301F-11D3-BF4B-00C04F79EFBC}") = "ServerApp", "ServerApp\ServerApp.csproj", "{56EBB31C-B28C-4FA0-AC59-A7936C06C3B5}"
EndProject
Project("{2150E333-8FDC-42A3-9474-1A3956D46DE8}") = "Solution Items", "Solution Items", "{C41D7FD8-993A-4B31-AD96-2814013C959B}"
	ProjectSection(SolutionItems) = preProject
		README.md = README.md
	EndProjectSection
EndProject
Global
	GlobalSection(SolutionConfigurationPlatforms) = preSolution
		Debug|Any CPU = Debug|Any CPU
		Release|Any CPU = Release|Any CPU
	EndGlobalSection
	GlobalSection(ProjectConfigurationPlatforms) = postSolution
		{71B83FA9-55A6-48CF-AF6A-270A11D71D6E}.Debug|Any CPU.ActiveCfg = Debug|Any CPU
		{71B83FA9-55A6-48CF-AF6A-270A11D71D6E}.Debug|Any CPU.Build.0 = Debug|Any CPU
		{71B83FA9-55A6-48CF-AF6A-270A11D71D6E}.Release|Any CPU.ActiveCfg = Release|Any CPU
		{71B83FA9-55A6-48CF-AF6A-270A11D71D6E}.Release|Any CPU.Build.0 = Release|Any CPU
		{56EBB31C-B28C-4FA0-AC59-A7936C06C3B5}.Debug|Any CPU.ActiveCfg = Debug|Any CPU
		{56EBB31C-B28C-4FA0-AC59-A7936C06C3B5}.Debug|Any CPU.Build.0 = Debug|Any CPU
		{56EBB31C-B28C-4FA0-AC59-A7936C06C3B5}.Release|Any CPU.ActiveCfg = Release|Any CPU
		{56EBB31C-B28C-4FA0-AC59-A7936C06C3B5}.Release|Any CPU.Build.0 = Release|Any CPU
	EndGlobalSection
	GlobalSection(SolutionProperties) = preSolution
		HideSolutionNode = FALSE
	EndGlobalSection
EndGlobal
